{
  "name": "ajs-node",
  "version": "1.0.0",
  "lockfileVersion": 1,
  "requires": true,
  "dependencies": {
    "@kvrdv/ajs": {
      "version": "1.0.0",
      "resolved": "https://npm.pkg.github.com/download/@kvrdv/ajs/1.0.0/1ae04a7360370d51775302d8fd01eea7a886a42a20a9fb2e4849b7da04a35949",
      "integrity": "sha512-eJF9bKoeW59iodg/TZKt++W6nhg3YxwjgBq064dLdPhIuYQtTYTlASjR+2RDkRp3Xy/GxQ3e/b2oJQYoOAe/8w=="
    }
  }
}
